
Microsoft Visual Studio Solution File, Format Version 12.00
# Visual Studio 15
VisualStudioVersion = 15.0.27703.2035
MinimumVisualStudioVersion = 10.0.40219.1
Project("{FAE04EC0-301F-11D3-BF4B-00C04F79EFBC}") = "Help.Library", "Help.Library\Help.Library.csproj", "{7B3A72F8-3E92-4F33-A586-99AB4F647978}"
EndProject
Project("{FAE04EC0-301F-11D3-BF4B-00C04F79EFBC}") = "Client", "Client\Client.csproj", "{194EAC29-617C-4CB4-B205-8AE814017817}"
EndProject
Project("{FAE04EC0-301F-11D3-BF4B-00C04F79EFBC}") = "Help.EF", "Help.EF\Help.EF.csproj", "{211CAC53-D6ED-46E6-8854-472F6C2951F5}"
EndProject
Project("{FAE04EC0-301F-11D3-BF4B-00C04F79EFBC}") = "Help.Test", "Help.Test\Help.Test.csproj", "{484D6B38-2EBF-4760-8C74-F9CB0709D014}"
EndProject
Project("{FAE04EC0-301F-11D3-BF4B-00C04F79EFBC}") = "Help.WCFService", "Help.WCFService\Help.WCFService.csproj", "{CD97A1A2-38B0-4A1D-84FD-B41FB2E1F30D}"
EndProject
Project("{FAE04EC0-301F-11D3-BF4B-00C04F79EFBC}") = "Help.Stats", "Help.Stats\Help.Stats.csproj", "{D38922F3-99C1-47C2-9214-320DB27E4668}"
EndProject
Project("{FAE04EC0-301F-11D3-BF4B-00C04F79EFBC}") = "Help.WebService", "Help.WebService\Help.WebService.csproj", "{364A517A-17A0-4602-8E91-5DCB8A10D1F6}"
EndProject
Project("{FAE04EC0-301F-11D3-BF4B-00C04F79EFBC}") = "Help.AI", "Help.AI\Help.AI.csproj", "{E772AE1D-89B5-4AEF-BE0B-22B18391BEDA}"
EndProject
Project("{FAE04EC0-301F-11D3-BF4B-00C04F79EFBC}") = "Help.Light", "Help.Light\Help.Light.csproj", "{249EBD38-C857-4757-9FF6-EC53C7BBAC06}"
EndProject
Global
	GlobalSection(SolutionConfigurationPlatforms) = preSolution
		Ad-Hoc|Any CPU = Ad-Hoc|Any CPU
		Ad-Hoc|ARM = Ad-Hoc|ARM
		Ad-Hoc|iPhone = Ad-Hoc|iPhone
		Ad-Hoc|iPhoneSimulator = Ad-Hoc|iPhoneSimulator
		Ad-Hoc|x64 = Ad-Hoc|x64
		Ad-Hoc|x86 = Ad-Hoc|x86
		AppStore|Any CPU = AppStore|Any CPU
		AppStore|ARM = AppStore|ARM
		AppStore|iPhone = AppStore|iPhone
		AppStore|iPhoneSimulator = AppStore|iPhoneSimulator
		AppStore|x64 = AppStore|x64
		AppStore|x86 = AppStore|x86
		Debug|Any CPU = Debug|Any CPU
		Debug|ARM = Debug|ARM
		Debug|iPhone = Debug|iPhone
		Debug|iPhoneSimulator = Debug|iPhoneSimulator
		Debug|x64 = Debug|x64
		Debug|x86 = Debug|x86
		Release|Any CPU = Release|Any CPU
		Release|ARM = Release|ARM
		Release|iPhone = Release|iPhone
		Release|iPhoneSimulator = Release|iPhoneSimulator
		Release|x64 = Release|x64
		Release|x86 = Release|x86
	EndGlobalSection
	GlobalSection(ProjectConfigurationPlatforms) = postSolution
		{7B3A72F8-3E92-4F33-A586-99AB4F647978}.Ad-Hoc|Any CPU.ActiveCfg = Release|Any CPU
		{7B3A72F8-3E92-4F33-A586-99AB4F647978}.Ad-Hoc|Any CPU.Build.0 = Release|Any CPU
		{7B3A72F8-3E92-4F33-A586-99AB4F647978}.Ad-Hoc|ARM.ActiveCfg = Release|Any CPU
		{7B3A72F8-3E92-4F33-A586-99AB4F647978}.Ad-Hoc|ARM.Build.0 = Release|Any CPU
		{7B3A72F8-3E92-4F33-A586-99AB4F647978}.Ad-Hoc|iPhone.ActiveCfg = Release|Any CPU
		{7B3A72F8-3E92-4F33-A586-99AB4F647978}.Ad-Hoc|iPhone.Build.0 = Release|Any CPU
		{7B3A72F8-3E92-4F33-A586-99AB4F647978}.Ad-Hoc|iPhoneSimulator.ActiveCfg = Release|Any CPU
		{7B3A72F8-3E92-4F33-A586-99AB4F647978}.Ad-Hoc|iPhoneSimulator.Build.0 = Release|Any CPU
		{7B3A72F8-3E92-4F33-A586-99AB4F647978}.Ad-Hoc|x64.ActiveCfg = Release|Any CPU
		{7B3A72F8-3E92-4F33-A586-99AB4F647978}.Ad-Hoc|x64.Build.0 = Release|Any CPU
		{7B3A72F8-3E92-4F33-A586-99AB4F647978}.Ad-Hoc|x86.ActiveCfg = Release|Any CPU
		{7B3A72F8-3E92-4F33-A586-99AB4F647978}.Ad-Hoc|x86.Build.0 = Release|Any CPU
		{7B3A72F8-3E92-4F33-A586-99AB4F647978}.AppStore|Any CPU.ActiveCfg = Release|Any CPU
		{7B3A72F8-3E92-4F33-A586-99AB4F647978}.AppStore|Any CPU.Build.0 = Release|Any CPU
		{7B3A72F8-3E92-4F33-A586-99AB4F647978}.AppStore|ARM.ActiveCfg = Release|Any CPU
		{7B3A72F8-3E92-4F33-A586-99AB4F647978}.AppStore|ARM.Build.0 = Release|Any CPU
		{7B3A72F8-3E92-4F33-A586-99AB4F647978}.AppStore|iPhone.ActiveCfg = Release|Any CPU
		{7B3A72F8-3E92-4F33-A586-99AB4F647978}.AppStore|iPhone.Build.0 = Release|Any CPU
		{7B3A72F8-3E92-4F33-A586-99AB4F647978}.AppStore|iPhoneSimulator.ActiveCfg = Release|Any CPU
		{7B3A72F8-3E92-4F33-A586-99AB4F647978}.AppStore|iPhoneSimulator.Build.0 = Release|Any CPU
		{7B3A72F8-3E92-4F33-A586-99AB4F647978}.AppStore|x64.ActiveCfg = Release|Any CPU
		{7B3A72F8-3E92-4F33-A586-99AB4F647978}.AppStore|x64.Build.0 = Release|Any CPU
		{7B3A72F8-3E92-4F33-A586-99AB4F647978}.AppStore|x86.ActiveCfg = Release|Any CPU
		{7B3A72F8-3E92-4F33-A586-99AB4F647978}.AppStore|x86.Build.0 = Release|Any CPU
		{7B3A72F8-3E92-4F33-A586-99AB4F647978}.Debug|Any CPU.ActiveCfg = Debug|Any CPU
		{7B3A72F8-3E92-4F33-A586-99AB4F647978}.Debug|Any CPU.Build.0 = Debug|Any CPU
		{7B3A72F8-3E92-4F33-A586-99AB4F647978}.Debug|ARM.ActiveCfg = Debug|Any CPU
		{7B3A72F8-3E92-4F33-A586-99AB4F647978}.Debug|ARM.Build.0 = Debug|Any CPU
		{7B3A72F8-3E92-4F33-A586-99AB4F647978}.Debug|iPhone.ActiveCfg = Debug|Any CPU
		{7B3A72F8-3E92-4F33-A586-99AB4F647978}.Debug|iPhone.Build.0 = Debug|Any CPU
		{7B3A72F8-3E92-4F33-A586-99AB4F647978}.Debug|iPhoneSimulator.ActiveCfg = Debug|Any CPU
		{7B3A72F8-3E92-4F33-A586-99AB4F647978}.Debug|iPhoneSimulator.Build.0 = Debug|Any CPU
		{7B3A72F8-3E92-4F33-A586-99AB4F647978}.Debug|x64.ActiveCfg = Debug|Any CPU
		{7B3A72F8-3E92-4F33-A586-99AB4F647978}.Debug|x64.Build.0 = Debug|Any CPU
		{7B3A72F8-3E92-4F33-A586-99AB4F647978}.Debug|x86.ActiveCfg = Debug|Any CPU
		{7B3A72F8-3E92-4F33-A586-99AB4F647978}.Debug|x86.Build.0 = Debug|Any CPU
		{7B3A72F8-3E92-4F33-A586-99AB4F647978}.Release|Any CPU.ActiveCfg = Release|Any CPU
		{7B3A72F8-3E92-4F33-A586-99AB4F647978}.Release|Any CPU.Build.0 = Release|Any CPU
		{7B3A72F8-3E92-4F33-A586-99AB4F647978}.Release|ARM.ActiveCfg = Release|Any CPU
		{7B3A72F8-3E92-4F33-A586-99AB4F647978}.Release|ARM.Build.0 = Release|Any CPU
		{7B3A72F8-3E92-4F33-A586-99AB4F647978}.Release|iPhone.ActiveCfg = Release|Any CPU
		{7B3A72F8-3E92-4F33-A586-99AB4F647978}.Release|iPhone.Build.0 = Release|Any CPU
		{7B3A72F8-3E92-4F33-A586-99AB4F647978}.Release|iPhoneSimulator.ActiveCfg = Release|Any CPU
		{7B3A72F8-3E92-4F33-A586-99AB4F647978}.Release|iPhoneSimulator.Build.0 = Release|Any CPU
		{7B3A72F8-3E92-4F33-A586-99AB4F647978}.Release|x64.ActiveCfg = Release|Any CPU
		{7B3A72F8-3E92-4F33-A586-99AB4F647978}.Release|x64.Build.0 = Release|Any CPU
		{7B3A72F8-3E92-4F33-A586-99AB4F647978}.Release|x86.ActiveCfg = Release|Any CPU
		{7B3A72F8-3E92-4F33-A586-99AB4F647978}.Release|x86.Build.0 = Release|Any CPU
		{194EAC29-617C-4CB4-B205-8AE814017817}.Ad-Hoc|Any CPU.ActiveCfg = Release|Any CPU
		{194EAC29-617C-4CB4-B205-8AE814017817}.Ad-Hoc|Any CPU.Build.0 = Release|Any CPU
		{194EAC29-617C-4CB4-B205-8AE814017817}.Ad-Hoc|ARM.ActiveCfg = Release|Any CPU
		{194EAC29-617C-4CB4-B205-8AE814017817}.Ad-Hoc|ARM.Build.0 = Release|Any CPU
		{194EAC29-617C-4CB4-B205-8AE814017817}.Ad-Hoc|iPhone.ActiveCfg = Release|Any CPU
		{194EAC29-617C-4CB4-B205-8AE814017817}.Ad-Hoc|iPhone.Build.0 = Release|Any CPU
		{194EAC29-617C-4CB4-B205-8AE814017817}.Ad-Hoc|iPhoneSimulator.ActiveCfg = Release|Any CPU
		{194EAC29-617C-4CB4-B205-8AE814017817}.Ad-Hoc|iPhoneSimulator.Build.0 = Release|Any CPU
		{194EAC29-617C-4CB4-B205-8AE814017817}.Ad-Hoc|x64.ActiveCfg = Release|Any CPU
		{194EAC29-617C-4CB4-B205-8AE814017817}.Ad-Hoc|x64.Build.0 = Release|Any CPU
		{194EAC29-617C-4CB4-B205-8AE814017817}.Ad-Hoc|x86.ActiveCfg = Release|Any CPU
		{194EAC29-617C-4CB4-B205-8AE814017817}.Ad-Hoc|x86.Build.0 = Release|Any CPU
		{194EAC29-617C-4CB4-B205-8AE814017817}.AppStore|Any CPU.ActiveCfg = Release|Any CPU
		{194EAC29-617C-4CB4-B205-8AE814017817}.AppStore|Any CPU.Build.0 = Release|Any CPU
		{194EAC29-617C-4CB4-B205-8AE814017817}.AppStore|ARM.ActiveCfg = Release|Any CPU
		{194EAC29-617C-4CB4-B205-8AE814017817}.AppStore|ARM.Build.0 = Release|Any CPU
		{194EAC29-617C-4CB4-B205-8AE814017817}.AppStore|iPhone.ActiveCfg = Release|Any CPU
		{194EAC29-617C-4CB4-B205-8AE814017817}.AppStore|iPhone.Build.0 = Release|Any CPU
		{194EAC29-617C-4CB4-B205-8AE814017817}.AppStore|iPhoneSimulator.ActiveCfg = Release|Any CPU
		{194EAC29-617C-4CB4-B205-8AE814017817}.AppStore|iPhoneSimulator.Build.0 = Release|Any CPU
		{194EAC29-617C-4CB4-B205-8AE814017817}.AppStore|x64.ActiveCfg = Release|Any CPU
		{194EAC29-617C-4CB4-B205-8AE814017817}.AppStore|x64.Build.0 = Release|Any CPU
		{194EAC29-617C-4CB4-B205-8AE814017817}.AppStore|x86.ActiveCfg = Release|Any CPU
		{194EAC29-617C-4CB4-B205-8AE814017817}.AppStore|x86.Build.0 = Release|Any CPU
		{194EAC29-617C-4CB4-B205-8AE814017817}.Debug|Any CPU.ActiveCfg = Debug|Any CPU
		{194EAC29-617C-4CB4-B205-8AE814017817}.Debug|Any CPU.Build.0 = Debug|Any CPU
		{194EAC29-617C-4CB4-B205-8AE814017817}.Debug|ARM.ActiveCfg = Debug|Any CPU
		{194EAC29-617C-4CB4-B205-8AE814017817}.Debug|ARM.Build.0 = Debug|Any CPU
		{194EAC29-617C-4CB4-B205-8AE814017817}.Debug|iPhone.ActiveCfg = Debug|Any CPU
		{194EAC29-617C-4CB4-B205-8AE814017817}.Debug|iPhone.Build.0 = Debug|Any CPU
		{194EAC29-617C-4CB4-B205-8AE814017817}.Debug|iPhoneSimulator.ActiveCfg = Debug|Any CPU
		{194EAC29-617C-4CB4-B205-8AE814017817}.Debug|iPhoneSimulator.Build.0 = Debug|Any CPU
		{194EAC29-617C-4CB4-B205-8AE814017817}.Debug|x64.ActiveCfg = Debug|Any CPU
		{194EAC29-617C-4CB4-B205-8AE814017817}.Debug|x64.Build.0 = Debug|Any CPU
		{194EAC29-617C-4CB4-B205-8AE814017817}.Debug|x86.ActiveCfg = Debug|Any CPU
		{194EAC29-617C-4CB4-B205-8AE814017817}.Debug|x86.Build.0 = Debug|Any CPU
		{194EAC29-617C-4CB4-B205-8AE814017817}.Release|Any CPU.ActiveCfg = Release|Any CPU
		{194EAC29-617C-4CB4-B205-8AE814017817}.Release|Any CPU.Build.0 = Release|Any CPU
		{194EAC29-617C-4CB4-B205-8AE814017817}.Release|ARM.ActiveCfg = Release|Any CPU
		{194EAC29-617C-4CB4-B205-8AE814017817}.Release|ARM.Build.0 = Release|Any CPU
		{194EAC29-617C-4CB4-B205-8AE814017817}.Release|iPhone.ActiveCfg = Release|Any CPU
		{194EAC29-617C-4CB4-B205-8AE814017817}.Release|iPhone.Build.0 = Release|Any CPU
		{194EAC29-617C-4CB4-B205-8AE814017817}.Release|iPhoneSimulator.ActiveCfg = Release|Any CPU
		{194EAC29-617C-4CB4-B205-8AE814017817}.Release|iPhoneSimulator.Build.0 = Release|Any CPU
		{194EAC29-617C-4CB4-B205-8AE814017817}.Release|x64.ActiveCfg = Release|Any CPU
		{194EAC29-617C-4CB4-B205-8AE814017817}.Release|x64.Build.0 = Release|Any CPU
		{194EAC29-617C-4CB4-B205-8AE814017817}.Release|x86.ActiveCfg = Release|Any CPU
		{194EAC29-617C-4CB4-B205-8AE814017817}.Release|x86.Build.0 = Release|Any CPU
		{211CAC53-D6ED-46E6-8854-472F6C2951F5}.Ad-Hoc|Any CPU.ActiveCfg = Release|Any CPU
		{211CAC53-D6ED-46E6-8854-472F6C2951F5}.Ad-Hoc|Any CPU.Build.0 = Release|Any CPU
		{211CAC53-D6ED-46E6-8854-472F6C2951F5}.Ad-Hoc|ARM.ActiveCfg = Release|Any CPU
		{211CAC53-D6ED-46E6-8854-472F6C2951F5}.Ad-Hoc|ARM.Build.0 = Release|Any CPU
		{211CAC53-D6ED-46E6-8854-472F6C2951F5}.Ad-Hoc|iPhone.ActiveCfg = Release|Any CPU
		{211CAC53-D6ED-46E6-8854-472F6C2951F5}.Ad-Hoc|iPhone.Build.0 = Release|Any CPU
		{211CAC53-D6ED-46E6-8854-472F6C2951F5}.Ad-Hoc|iPhoneSimulator.ActiveCfg = Release|Any CPU
		{211CAC53-D6ED-46E6-8854-472F6C2951F5}.Ad-Hoc|iPhoneSimulator.Build.0 = Release|Any CPU
		{211CAC53-D6ED-46E6-8854-472F6C2951F5}.Ad-Hoc|x64.ActiveCfg = Release|Any CPU
		{211CAC53-D6ED-46E6-8854-472F6C2951F5}.Ad-Hoc|x64.Build.0 = Release|Any CPU
		{211CAC53-D6ED-46E6-8854-472F6C2951F5}.Ad-Hoc|x86.ActiveCfg = Release|Any CPU
		{211CAC53-D6ED-46E6-8854-472F6C2951F5}.Ad-Hoc|x86.Build.0 = Release|Any CPU
		{211CAC53-D6ED-46E6-8854-472F6C2951F5}.AppStore|Any CPU.ActiveCfg = Release|Any CPU
		{211CAC53-D6ED-46E6-8854-472F6C2951F5}.AppStore|Any CPU.Build.0 = Release|Any CPU
		{211CAC53-D6ED-46E6-8854-472F6C2951F5}.AppStore|ARM.ActiveCfg = Release|Any CPU
		{211CAC53-D6ED-46E6-8854-472F6C2951F5}.AppStore|ARM.Build.0 = Release|Any CPU
		{211CAC53-D6ED-46E6-8854-472F6C2951F5}.AppStore|iPhone.ActiveCfg = Release|Any CPU
		{211CAC53-D6ED-46E6-8854-472F6C2951F5}.AppStore|iPhone.Build.0 = Release|Any CPU
		{211CAC53-D6ED-46E6-8854-472F6C2951F5}.AppStore|iPhoneSimulator.ActiveCfg = Release|Any CPU
		{211CAC53-D6ED-46E6-8854-472F6C2951F5}.AppStore|iPhoneSimulator.Build.0 = Release|Any CPU
		{211CAC53-D6ED-46E6-8854-472F6C2951F5}.AppStore|x64.ActiveCfg = Release|Any CPU
		{211CAC53-D6ED-46E6-8854-472F6C2951F5}.AppStore|x64.Build.0 = Release|Any CPU
		{211CAC53-D6ED-46E6-8854-472F6C2951F5}.AppStore|x86.ActiveCfg = Release|Any CPU
		{211CAC53-D6ED-46E6-8854-472F6C2951F5}.AppStore|x86.Build.0 = Release|Any CPU
		{211CAC53-D6ED-46E6-8854-472F6C2951F5}.Debug|Any CPU.ActiveCfg = Debug|Any CPU
		{211CAC53-D6ED-46E6-8854-472F6C2951F5}.Debug|Any CPU.Build.0 = Debug|Any CPU
		{211CAC53-D6ED-46E6-8854-472F6C2951F5}.Debug|ARM.ActiveCfg = Debug|Any CPU
		{211CAC53-D6ED-46E6-8854-472F6C2951F5}.Debug|ARM.Build.0 = Debug|Any CPU
		{211CAC53-D6ED-46E6-8854-472F6C2951F5}.Debug|iPhone.ActiveCfg = Debug|Any CPU
		{211CAC53-D6ED-46E6-8854-472F6C2951F5}.Debug|iPhone.Build.0 = Debug|Any CPU
		{211CAC53-D6ED-46E6-8854-472F6C2951F5}.Debug|iPhoneSimulator.ActiveCfg = Debug|Any CPU
		{211CAC53-D6ED-46E6-8854-472F6C2951F5}.Debug|iPhoneSimulator.Build.0 = Debug|Any CPU
		{211CAC53-D6ED-46E6-8854-472F6C2951F5}.Debug|x64.ActiveCfg = Debug|Any CPU
		{211CAC53-D6ED-46E6-8854-472F6C2951F5}.Debug|x64.Build.0 = Debug|Any CPU
		{211CAC53-D6ED-46E6-8854-472F6C2951F5}.Debug|x86.ActiveCfg = Debug|Any CPU
		{211CAC53-D6ED-46E6-8854-472F6C2951F5}.Debug|x86.Build.0 = Debug|Any CPU
		{211CAC53-D6ED-46E6-8854-472F6C2951F5}.Release|Any CPU.ActiveCfg = Release|Any CPU
		{211CAC53-D6ED-46E6-8854-472F6C2951F5}.Release|Any CPU.Build.0 = Release|Any CPU
		{211CAC53-D6ED-46E6-8854-472F6C2951F5}.Release|ARM.ActiveCfg = Release|Any CPU
		{211CAC53-D6ED-46E6-8854-472F6C2951F5}.Release|ARM.Build.0 = Release|Any CPU
		{211CAC53-D6ED-46E6-8854-472F6C2951F5}.Release|iPhone.ActiveCfg = Release|Any CPU
		{211CAC53-D6ED-46E6-8854-472F6C2951F5}.Release|iPhone.Build.0 = Release|Any CPU
		{211CAC53-D6ED-46E6-8854-472F6C2951F5}.Release|iPhoneSimulator.ActiveCfg = Release|Any CPU
		{211CAC53-D6ED-46E6-8854-472F6C2951F5}.Release|iPhoneSimulator.Build.0 = Release|Any CPU
		{211CAC53-D6ED-46E6-8854-472F6C2951F5}.Release|x64.ActiveCfg = Release|Any CPU
		{211CAC53-D6ED-46E6-8854-472F6C2951F5}.Release|x64.Build.0 = Release|Any CPU
		{211CAC53-D6ED-46E6-8854-472F6C2951F5}.Release|x86.ActiveCfg = Release|Any CPU
		{211CAC53-D6ED-46E6-8854-472F6C2951F5}.Release|x86.Build.0 = Release|Any CPU
		{484D6B38-2EBF-4760-8C74-F9CB0709D014}.Ad-Hoc|Any CPU.ActiveCfg = Release|Any CPU
		{484D6B38-2EBF-4760-8C74-F9CB0709D014}.Ad-Hoc|Any CPU.Build.0 = Release|Any CPU
		{484D6B38-2EBF-4760-8C74-F9CB0709D014}.Ad-Hoc|ARM.ActiveCfg = Release|Any CPU
		{484D6B38-2EBF-4760-8C74-F9CB0709D014}.Ad-Hoc|ARM.Build.0 = Release|Any CPU
		{484D6B38-2EBF-4760-8C74-F9CB0709D014}.Ad-Hoc|iPhone.ActiveCfg = Release|Any CPU
		{484D6B38-2EBF-4760-8C74-F9CB0709D014}.Ad-Hoc|iPhone.Build.0 = Release|Any CPU
		{484D6B38-2EBF-4760-8C74-F9CB0709D014}.Ad-Hoc|iPhoneSimulator.ActiveCfg = Release|Any CPU
		{484D6B38-2EBF-4760-8C74-F9CB0709D014}.Ad-Hoc|iPhoneSimulator.Build.0 = Release|Any CPU
		{484D6B38-2EBF-4760-8C74-F9CB0709D014}.Ad-Hoc|x64.ActiveCfg = Release|Any CPU
		{484D6B38-2EBF-4760-8C74-F9CB0709D014}.Ad-Hoc|x64.Build.0 = Release|Any CPU
		{484D6B38-2EBF-4760-8C74-F9CB0709D014}.Ad-Hoc|x86.ActiveCfg = Release|Any CPU
		{484D6B38-2EBF-4760-8C74-F9CB0709D014}.Ad-Hoc|x86.Build.0 = Release|Any CPU
		{484D6B38-2EBF-4760-8C74-F9CB0709D014}.AppStore|Any CPU.ActiveCfg = Release|Any CPU
		{484D6B38-2EBF-4760-8C74-F9CB0709D014}.AppStore|Any CPU.Build.0 = Release|Any CPU
		{484D6B38-2EBF-4760-8C74-F9CB0709D014}.AppStore|ARM.ActiveCfg = Release|Any CPU
		{484D6B38-2EBF-4760-8C74-F9CB0709D014}.AppStore|ARM.Build.0 = Release|Any CPU
		{484D6B38-2EBF-4760-8C74-F9CB0709D014}.AppStore|iPhone.ActiveCfg = Release|Any CPU
		{484D6B38-2EBF-4760-8C74-F9CB0709D014}.AppStore|iPhone.Build.0 = Release|Any CPU
		{484D6B38-2EBF-4760-8C74-F9CB0709D014}.AppStore|iPhoneSimulator.ActiveCfg = Release|Any CPU
		{484D6B38-2EBF-4760-8C74-F9CB0709D014}.AppStore|iPhoneSimulator.Build.0 = Release|Any CPU
		{484D6B38-2EBF-4760-8C74-F9CB0709D014}.AppStore|x64.ActiveCfg = Release|Any CPU
		{484D6B38-2EBF-4760-8C74-F9CB0709D014}.AppStore|x64.Build.0 = Release|Any CPU
		{484D6B38-2EBF-4760-8C74-F9CB0709D014}.AppStore|x86.ActiveCfg = Release|Any CPU
		{484D6B38-2EBF-4760-8C74-F9CB0709D014}.AppStore|x86.Build.0 = Release|Any CPU
		{484D6B38-2EBF-4760-8C74-F9CB0709D014}.Debug|Any CPU.ActiveCfg = Debug|Any CPU
		{484D6B38-2EBF-4760-8C74-F9CB0709D014}.Debug|Any CPU.Build.0 = Debug|Any CPU
		{484D6B38-2EBF-4760-8C74-F9CB0709D014}.Debug|ARM.ActiveCfg = Debug|Any CPU
		{484D6B38-2EBF-4760-8C74-F9CB0709D014}.Debug|ARM.Build.0 = Debug|Any CPU
		{484D6B38-2EBF-4760-8C74-F9CB0709D014}.Debug|iPhone.ActiveCfg = Debug|Any CPU
		{484D6B38-2EBF-4760-8C74-F9CB0709D014}.Debug|iPhone.Build.0 = Debug|Any CPU
		{484D6B38-2EBF-4760-8C74-F9CB0709D014}.Debug|iPhoneSimulator.ActiveCfg = Debug|Any CPU
		{484D6B38-2EBF-4760-8C74-F9CB0709D014}.Debug|iPhoneSimulator.Build.0 = Debug|Any CPU
		{484D6B38-2EBF-4760-8C74-F9CB0709D014}.Debug|x64.ActiveCfg = Debug|Any CPU
		{484D6B38-2EBF-4760-8C74-F9CB0709D014}.Debug|x64.Build.0 = Debug|Any CPU
		{484D6B38-2EBF-4760-8C74-F9CB0709D014}.Debug|x86.ActiveCfg = Debug|Any CPU
		{484D6B38-2EBF-4760-8C74-F9CB0709D014}.Debug|x86.Build.0 = Debug|Any CPU
		{484D6B38-2EBF-4760-8C74-F9CB0709D014}.Release|Any CPU.ActiveCfg = Release|Any CPU
		{484D6B38-2EBF-4760-8C74-F9CB0709D014}.Release|Any CPU.Build.0 = Release|Any CPU
		{484D6B38-2EBF-4760-8C74-F9CB0709D014}.Release|ARM.ActiveCfg = Release|Any CPU
		{484D6B38-2EBF-4760-8C74-F9CB0709D014}.Release|ARM.Build.0 = Release|Any CPU
		{484D6B38-2EBF-4760-8C74-F9CB0709D014}.Release|iPhone.ActiveCfg = Release|Any CPU
		{484D6B38-2EBF-4760-8C74-F9CB0709D014}.Release|iPhone.Build.0 = Release|Any CPU
		{484D6B38-2EBF-4760-8C74-F9CB0709D014}.Release|iPhoneSimulator.ActiveCfg = Release|Any CPU
		{484D6B38-2EBF-4760-8C74-F9CB0709D014}.Release|iPhoneSimulator.Build.0 = Release|Any CPU
		{484D6B38-2EBF-4760-8C74-F9CB0709D014}.Release|x64.ActiveCfg = Release|Any CPU
		{484D6B38-2EBF-4760-8C74-F9CB0709D014}.Release|x64.Build.0 = Release|Any CPU
		{484D6B38-2EBF-4760-8C74-F9CB0709D014}.Release|x86.ActiveCfg = Release|Any CPU
		{484D6B38-2EBF-4760-8C74-F9CB0709D014}.Release|x86.Build.0 = Release|Any CPU
		{CD97A1A2-38B0-4A1D-84FD-B41FB2E1F30D}.Ad-Hoc|Any CPU.ActiveCfg = Release|Any CPU
		{CD97A1A2-38B0-4A1D-84FD-B41FB2E1F30D}.Ad-Hoc|Any CPU.Build.0 = Release|Any CPU
		{CD97A1A2-38B0-4A1D-84FD-B41FB2E1F30D}.Ad-Hoc|ARM.ActiveCfg = Release|Any CPU
		{CD97A1A2-38B0-4A1D-84FD-B41FB2E1F30D}.Ad-Hoc|ARM.Build.0 = Release|Any CPU
		{CD97A1A2-38B0-4A1D-84FD-B41FB2E1F30D}.Ad-Hoc|iPhone.ActiveCfg = Release|Any CPU
		{CD97A1A2-38B0-4A1D-84FD-B41FB2E1F30D}.Ad-Hoc|iPhone.Build.0 = Release|Any CPU
		{CD97A1A2-38B0-4A1D-84FD-B41FB2E1F30D}.Ad-Hoc|iPhoneSimulator.ActiveCfg = Release|Any CPU
		{CD97A1A2-38B0-4A1D-84FD-B41FB2E1F30D}.Ad-Hoc|iPhoneSimulator.Build.0 = Release|Any CPU
		{CD97A1A2-38B0-4A1D-84FD-B41FB2E1F30D}.Ad-Hoc|x64.ActiveCfg = Release|Any CPU
		{CD97A1A2-38B0-4A1D-84FD-B41FB2E1F30D}.Ad-Hoc|x64.Build.0 = Release|Any CPU
		{CD97A1A2-38B0-4A1D-84FD-B41FB2E1F30D}.Ad-Hoc|x86.ActiveCfg = Release|Any CPU
		{CD97A1A2-38B0-4A1D-84FD-B41FB2E1F30D}.Ad-Hoc|x86.Build.0 = Release|Any CPU
		{CD97A1A2-38B0-4A1D-84FD-B41FB2E1F30D}.AppStore|Any CPU.ActiveCfg = Release|Any CPU
		{CD97A1A2-38B0-4A1D-84FD-B41FB2E1F30D}.AppStore|Any CPU.Build.0 = Release|Any CPU
		{CD97A1A2-38B0-4A1D-84FD-B41FB2E1F30D}.AppStore|ARM.ActiveCfg = Release|Any CPU
		{CD97A1A2-38B0-4A1D-84FD-B41FB2E1F30D}.AppStore|ARM.Build.0 = Release|Any CPU
		{CD97A1A2-38B0-4A1D-84FD-B41FB2E1F30D}.AppStore|iPhone.ActiveCfg = Release|Any CPU
		{CD97A1A2-38B0-4A1D-84FD-B41FB2E1F30D}.AppStore|iPhone.Build.0 = Release|Any CPU
		{CD97A1A2-38B0-4A1D-84FD-B41FB2E1F30D}.AppStore|iPhoneSimulator.ActiveCfg = Release|Any CPU
		{CD97A1A2-38B0-4A1D-84FD-B41FB2E1F30D}.AppStore|iPhoneSimulator.Build.0 = Release|Any CPU
		{CD97A1A2-38B0-4A1D-84FD-B41FB2E1F30D}.AppStore|x64.ActiveCfg = Release|Any CPU
		{CD97A1A2-38B0-4A1D-84FD-B41FB2E1F30D}.AppStore|x64.Build.0 = Release|Any CPU
		{CD97A1A2-38B0-4A1D-84FD-B41FB2E1F30D}.AppStore|x86.ActiveCfg = Release|Any CPU
		{CD97A1A2-38B0-4A1D-84FD-B41FB2E1F30D}.AppStore|x86.Build.0 = Release|Any CPU
		{CD97A1A2-38B0-4A1D-84FD-B41FB2E1F30D}.Debug|Any CPU.ActiveCfg = Debug|Any CPU
		{CD97A1A2-38B0-4A1D-84FD-B41FB2E1F30D}.Debug|Any CPU.Build.0 = Debug|Any CPU
		{CD97A1A2-38B0-4A1D-84FD-B41FB2E1F30D}.Debug|ARM.ActiveCfg = Debug|Any CPU
		{CD97A1A2-38B0-4A1D-84FD-B41FB2E1F30D}.Debug|ARM.Build.0 = Debug|Any CPU
		{CD97A1A2-38B0-4A1D-84FD-B41FB2E1F30D}.Debug|iPhone.ActiveCfg = Debug|Any CPU
		{CD97A1A2-38B0-4A1D-84FD-B41FB2E1F30D}.Debug|iPhone.Build.0 = Debug|Any CPU
		{CD97A1A2-38B0-4A1D-84FD-B41FB2E1F30D}.Debug|iPhoneSimulator.ActiveCfg = Debug|Any CPU
		{CD97A1A2-38B0-4A1D-84FD-B41FB2E1F30D}.Debug|iPhoneSimulator.Build.0 = Debug|Any CPU
		{CD97A1A2-38B0-4A1D-84FD-B41FB2E1F30D}.Debug|x64.ActiveCfg = Debug|Any CPU
		{CD97A1A2-38B0-4A1D-84FD-B41FB2E1F30D}.Debug|x64.Build.0 = Debug|Any CPU
		{CD97A1A2-38B0-4A1D-84FD-B41FB2E1F30D}.Debug|x86.ActiveCfg = Debug|Any CPU
		{CD97A1A2-38B0-4A1D-84FD-B41FB2E1F30D}.Debug|x86.Build.0 = Debug|Any CPU
		{CD97A1A2-38B0-4A1D-84FD-B41FB2E1F30D}.Release|Any CPU.ActiveCfg = Release|Any CPU
		{CD97A1A2-38B0-4A1D-84FD-B41FB2E1F30D}.Release|Any CPU.Build.0 = Release|Any CPU
		{CD97A1A2-38B0-4A1D-84FD-B41FB2E1F30D}.Release|ARM.ActiveCfg = Release|Any CPU
		{CD97A1A2-38B0-4A1D-84FD-B41FB2E1F30D}.Release|ARM.Build.0 = Release|Any CPU
		{CD97A1A2-38B0-4A1D-84FD-B41FB2E1F30D}.Release|iPhone.ActiveCfg = Release|Any CPU
		{CD97A1A2-38B0-4A1D-84FD-B41FB2E1F30D}.Release|iPhone.Build.0 = Release|Any CPU
		{CD97A1A2-38B0-4A1D-84FD-B41FB2E1F30D}.Release|iPhoneSimulator.ActiveCfg = Release|Any CPU
		{CD97A1A2-38B0-4A1D-84FD-B41FB2E1F30D}.Release|iPhoneSimulator.Build.0 = Release|Any CPU
		{CD97A1A2-38B0-4A1D-84FD-B41FB2E1F30D}.Release|x64.ActiveCfg = Release|Any CPU
		{CD97A1A2-38B0-4A1D-84FD-B41FB2E1F30D}.Release|x64.Build.0 = Release|Any CPU
		{CD97A1A2-38B0-4A1D-84FD-B41FB2E1F30D}.Release|x86.ActiveCfg = Release|Any CPU
		{CD97A1A2-38B0-4A1D-84FD-B41FB2E1F30D}.Release|x86.Build.0 = Release|Any CPU
		{D38922F3-99C1-47C2-9214-320DB27E4668}.Ad-Hoc|Any CPU.ActiveCfg = Release|Any CPU
		{D38922F3-99C1-47C2-9214-320DB27E4668}.Ad-Hoc|Any CPU.Build.0 = Release|Any CPU
		{D38922F3-99C1-47C2-9214-320DB27E4668}.Ad-Hoc|ARM.ActiveCfg = Release|Any CPU
		{D38922F3-99C1-47C2-9214-320DB27E4668}.Ad-Hoc|ARM.Build.0 = Release|Any CPU
		{D38922F3-99C1-47C2-9214-320DB27E4668}.Ad-Hoc|iPhone.ActiveCfg = Release|Any CPU
		{D38922F3-99C1-47C2-9214-320DB27E4668}.Ad-Hoc|iPhone.Build.0 = Release|Any CPU
		{D38922F3-99C1-47C2-9214-320DB27E4668}.Ad-Hoc|iPhoneSimulator.ActiveCfg = Release|Any CPU
		{D38922F3-99C1-47C2-9214-320DB27E4668}.Ad-Hoc|iPhoneSimulator.Build.0 = Release|Any CPU
		{D38922F3-99C1-47C2-9214-320DB27E4668}.Ad-Hoc|x64.ActiveCfg = Release|Any CPU
		{D38922F3-99C1-47C2-9214-320DB27E4668}.Ad-Hoc|x64.Build.0 = Release|Any CPU
		{D38922F3-99C1-47C2-9214-320DB27E4668}.Ad-Hoc|x86.ActiveCfg = Release|Any CPU
		{D38922F3-99C1-47C2-9214-320DB27E4668}.Ad-Hoc|x86.Build.0 = Release|Any CPU
		{D38922F3-99C1-47C2-9214-320DB27E4668}.AppStore|Any CPU.ActiveCfg = Release|Any CPU
		{D38922F3-99C1-47C2-9214-320DB27E4668}.AppStore|Any CPU.Build.0 = Release|Any CPU
		{D38922F3-99C1-47C2-9214-320DB27E4668}.AppStore|ARM.ActiveCfg = Release|Any CPU
		{D38922F3-99C1-47C2-9214-320DB27E4668}.AppStore|ARM.Build.0 = Release|Any CPU
		{D38922F3-99C1-47C2-9214-320DB27E4668}.AppStore|iPhone.ActiveCfg = Release|Any CPU
		{D38922F3-99C1-47C2-9214-320DB27E4668}.AppStore|iPhone.Build.0 = Release|Any CPU
		{D38922F3-99C1-47C2-9214-320DB27E4668}.AppStore|iPhoneSimulator.ActiveCfg = Release|Any CPU
		{D38922F3-99C1-47C2-9214-320DB27E4668}.AppStore|iPhoneSimulator.Build.0 = Release|Any CPU
		{D38922F3-99C1-47C2-9214-320DB27E4668}.AppStore|x64.ActiveCfg = Release|Any CPU
		{D38922F3-99C1-47C2-9214-320DB27E4668}.AppStore|x64.Build.0 = Release|Any CPU
		{D38922F3-99C1-47C2-9214-320DB27E4668}.AppStore|x86.ActiveCfg = Release|Any CPU
		{D38922F3-99C1-47C2-9214-320DB27E4668}.AppStore|x86.Build.0 = Release|Any CPU
		{D38922F3-99C1-47C2-9214-320DB27E4668}.Debug|Any CPU.ActiveCfg = Debug|Any CPU
		{D38922F3-99C1-47C2-9214-320DB27E4668}.Debug|Any CPU.Build.0 = Debug|Any CPU
		{D38922F3-99C1-47C2-9214-320DB27E4668}.Debug|ARM.ActiveCfg = Debug|Any CPU
		{D38922F3-99C1-47C2-9214-320DB27E4668}.Debug|ARM.Build.0 = Debug|Any CPU
		{D38922F3-99C1-47C2-9214-320DB27E4668}.Debug|iPhone.ActiveCfg = Debug|Any CPU
		{D38922F3-99C1-47C2-9214-320DB27E4668}.Debug|iPhone.Build.0 = Debug|Any CPU
		{D38922F3-99C1-47C2-9214-320DB27E4668}.Debug|iPhoneSimulator.ActiveCfg = Debug|Any CPU
		{D38922F3-99C1-47C2-9214-320DB27E4668}.Debug|iPhoneSimulator.Build.0 = Debug|Any CPU
		{D38922F3-99C1-47C2-9214-320DB27E4668}.Debug|x64.ActiveCfg = Debug|Any CPU
		{D38922F3-99C1-47C2-9214-320DB27E4668}.Debug|x64.Build.0 = Debug|Any CPU
		{D38922F3-99C1-47C2-9214-320DB27E4668}.Debug|x86.ActiveCfg = Debug|Any CPU
		{D38922F3-99C1-47C2-9214-320DB27E4668}.Debug|x86.Build.0 = Debug|Any CPU
		{D38922F3-99C1-47C2-9214-320DB27E4668}.Release|Any CPU.ActiveCfg = Release|Any CPU
		{D38922F3-99C1-47C2-9214-320DB27E4668}.Release|Any CPU.Build.0 = Release|Any CPU
		{D38922F3-99C1-47C2-9214-320DB27E4668}.Release|ARM.ActiveCfg = Release|Any CPU
		{D38922F3-99C1-47C2-9214-320DB27E4668}.Release|ARM.Build.0 = Release|Any CPU
		{D38922F3-99C1-47C2-9214-320DB27E4668}.Release|iPhone.ActiveCfg = Release|Any CPU
		{D38922F3-99C1-47C2-9214-320DB27E4668}.Release|iPhone.Build.0 = Release|Any CPU
		{D38922F3-99C1-47C2-9214-320DB27E4668}.Release|iPhoneSimulator.ActiveCfg = Release|Any CPU
		{D38922F3-99C1-47C2-9214-320DB27E4668}.Release|iPhoneSimulator.Build.0 = Release|Any CPU
		{D38922F3-99C1-47C2-9214-320DB27E4668}.Release|x64.ActiveCfg = Release|Any CPU
		{D38922F3-99C1-47C2-9214-320DB27E4668}.Release|x64.Build.0 = Release|Any CPU
		{D38922F3-99C1-47C2-9214-320DB27E4668}.Release|x86.ActiveCfg = Release|Any CPU
		{D38922F3-99C1-47C2-9214-320DB27E4668}.Release|x86.Build.0 = Release|Any CPU
		{364A517A-17A0-4602-8E91-5DCB8A10D1F6}.Ad-Hoc|Any CPU.ActiveCfg = Release|Any CPU
		{364A517A-17A0-4602-8E91-5DCB8A10D1F6}.Ad-Hoc|Any CPU.Build.0 = Release|Any CPU
		{364A517A-17A0-4602-8E91-5DCB8A10D1F6}.Ad-Hoc|ARM.ActiveCfg = Release|Any CPU
		{364A517A-17A0-4602-8E91-5DCB8A10D1F6}.Ad-Hoc|ARM.Build.0 = Release|Any CPU
		{364A517A-17A0-4602-8E91-5DCB8A10D1F6}.Ad-Hoc|iPhone.ActiveCfg = Release|Any CPU
		{364A517A-17A0-4602-8E91-5DCB8A10D1F6}.Ad-Hoc|iPhone.Build.0 = Release|Any CPU
		{364A517A-17A0-4602-8E91-5DCB8A10D1F6}.Ad-Hoc|iPhoneSimulator.ActiveCfg = Release|Any CPU
		{364A517A-17A0-4602-8E91-5DCB8A10D1F6}.Ad-Hoc|iPhoneSimulator.Build.0 = Release|Any CPU
		{364A517A-17A0-4602-8E91-5DCB8A10D1F6}.Ad-Hoc|x64.ActiveCfg = Release|Any CPU
		{364A517A-17A0-4602-8E91-5DCB8A10D1F6}.Ad-Hoc|x64.Build.0 = Release|Any CPU
		{364A517A-17A0-4602-8E91-5DCB8A10D1F6}.Ad-Hoc|x86.ActiveCfg = Release|Any CPU
		{364A517A-17A0-4602-8E91-5DCB8A10D1F6}.Ad-Hoc|x86.Build.0 = Release|Any CPU
		{364A517A-17A0-4602-8E91-5DCB8A10D1F6}.AppStore|Any CPU.ActiveCfg = Release|Any CPU
		{364A517A-17A0-4602-8E91-5DCB8A10D1F6}.AppStore|Any CPU.Build.0 = Release|Any CPU
		{364A517A-17A0-4602-8E91-5DCB8A10D1F6}.AppStore|ARM.ActiveCfg = Release|Any CPU
		{364A517A-17A0-4602-8E91-5DCB8A10D1F6}.AppStore|ARM.Build.0 = Release|Any CPU
		{364A517A-17A0-4602-8E91-5DCB8A10D1F6}.AppStore|iPhone.ActiveCfg = Release|Any CPU
		{364A517A-17A0-4602-8E91-5DCB8A10D1F6}.AppStore|iPhone.Build.0 = Release|Any CPU
		{364A517A-17A0-4602-8E91-5DCB8A10D1F6}.AppStore|iPhoneSimulator.ActiveCfg = Release|Any CPU
		{364A517A-17A0-4602-8E91-5DCB8A10D1F6}.AppStore|iPhoneSimulator.Build.0 = Release|Any CPU
		{364A517A-17A0-4602-8E91-5DCB8A10D1F6}.AppStore|x64.ActiveCfg = Release|Any CPU
		{364A517A-17A0-4602-8E91-5DCB8A10D1F6}.AppStore|x64.Build.0 = Release|Any CPU
		{364A517A-17A0-4602-8E91-5DCB8A10D1F6}.AppStore|x86.ActiveCfg = Release|Any CPU
		{364A517A-17A0-4602-8E91-5DCB8A10D1F6}.AppStore|x86.Build.0 = Release|Any CPU
		{364A517A-17A0-4602-8E91-5DCB8A10D1F6}.Debug|Any CPU.ActiveCfg = Debug|Any CPU
		{364A517A-17A0-4602-8E91-5DCB8A10D1F6}.Debug|Any CPU.Build.0 = Debug|Any CPU
		{364A517A-17A0-4602-8E91-5DCB8A10D1F6}.Debug|ARM.ActiveCfg = Debug|Any CPU
		{364A517A-17A0-4602-8E91-5DCB8A10D1F6}.Debug|ARM.Build.0 = Debug|Any CPU
		{364A517A-17A0-4602-8E91-5DCB8A10D1F6}.Debug|iPhone.ActiveCfg = Debug|Any CPU
		{364A517A-17A0-4602-8E91-5DCB8A10D1F6}.Debug|iPhone.Build.0 = Debug|Any CPU
		{364A517A-17A0-4602-8E91-5DCB8A10D1F6}.Debug|iPhoneSimulator.ActiveCfg = Debug|Any CPU
		{364A517A-17A0-4602-8E91-5DCB8A10D1F6}.Debug|iPhoneSimulator.Build.0 = Debug|Any CPU
		{364A517A-17A0-4602-8E91-5DCB8A10D1F6}.Debug|x64.ActiveCfg = Debug|Any CPU
		{364A517A-17A0-4602-8E91-5DCB8A10D1F6}.Debug|x64.Build.0 = Debug|Any CPU
		{364A517A-17A0-4602-8E91-5DCB8A10D1F6}.Debug|x86.ActiveCfg = Debug|Any CPU
		{364A517A-17A0-4602-8E91-5DCB8A10D1F6}.Debug|x86.Build.0 = Debug|Any CPU
		{364A517A-17A0-4602-8E91-5DCB8A10D1F6}.Release|Any CPU.ActiveCfg = Release|Any CPU
		{364A517A-17A0-4602-8E91-5DCB8A10D1F6}.Release|Any CPU.Build.0 = Release|Any CPU
		{364A517A-17A0-4602-8E91-5DCB8A10D1F6}.Release|ARM.ActiveCfg = Release|Any CPU
		{364A517A-17A0-4602-8E91-5DCB8A10D1F6}.Release|ARM.Build.0 = Release|Any CPU
		{364A517A-17A0-4602-8E91-5DCB8A10D1F6}.Release|iPhone.ActiveCfg = Release|Any CPU
		{364A517A-17A0-4602-8E91-5DCB8A10D1F6}.Release|iPhone.Build.0 = Release|Any CPU
		{364A517A-17A0-4602-8E91-5DCB8A10D1F6}.Release|iPhoneSimulator.ActiveCfg = Release|Any CPU
		{364A517A-17A0-4602-8E91-5DCB8A10D1F6}.Release|iPhoneSimulator.Build.0 = Release|Any CPU
		{364A517A-17A0-4602-8E91-5DCB8A10D1F6}.Release|x64.ActiveCfg = Release|Any CPU
		{364A517A-17A0-4602-8E91-5DCB8A10D1F6}.Release|x64.Build.0 = Release|Any CPU
		{364A517A-17A0-4602-8E91-5DCB8A10D1F6}.Release|x86.ActiveCfg = Release|Any CPU
		{364A517A-17A0-4602-8E91-5DCB8A10D1F6}.Release|x86.Build.0 = Release|Any CPU
		{E772AE1D-89B5-4AEF-BE0B-22B18391BEDA}.Ad-Hoc|Any CPU.ActiveCfg = Release|Any CPU
		{E772AE1D-89B5-4AEF-BE0B-22B18391BEDA}.Ad-Hoc|Any CPU.Build.0 = Release|Any CPU
		{E772AE1D-89B5-4AEF-BE0B-22B18391BEDA}.Ad-Hoc|ARM.ActiveCfg = Release|Any CPU
		{E772AE1D-89B5-4AEF-BE0B-22B18391BEDA}.Ad-Hoc|ARM.Build.0 = Release|Any CPU
		{E772AE1D-89B5-4AEF-BE0B-22B18391BEDA}.Ad-Hoc|iPhone.ActiveCfg = Release|Any CPU
		{E772AE1D-89B5-4AEF-BE0B-22B18391BEDA}.Ad-Hoc|iPhone.Build.0 = Release|Any CPU
		{E772AE1D-89B5-4AEF-BE0B-22B18391BEDA}.Ad-Hoc|iPhoneSimulator.ActiveCfg = Release|Any CPU
		{E772AE1D-89B5-4AEF-BE0B-22B18391BEDA}.Ad-Hoc|iPhoneSimulator.Build.0 = Release|Any CPU
		{E772AE1D-89B5-4AEF-BE0B-22B18391BEDA}.Ad-Hoc|x64.ActiveCfg = Release|Any CPU
		{E772AE1D-89B5-4AEF-BE0B-22B18391BEDA}.Ad-Hoc|x64.Build.0 = Release|Any CPU
		{E772AE1D-89B5-4AEF-BE0B-22B18391BEDA}.Ad-Hoc|x86.ActiveCfg = Release|Any CPU
		{E772AE1D-89B5-4AEF-BE0B-22B18391BEDA}.Ad-Hoc|x86.Build.0 = Release|Any CPU
		{E772AE1D-89B5-4AEF-BE0B-22B18391BEDA}.AppStore|Any CPU.ActiveCfg = Release|Any CPU
		{E772AE1D-89B5-4AEF-BE0B-22B18391BEDA}.AppStore|Any CPU.Build.0 = Release|Any CPU
		{E772AE1D-89B5-4AEF-BE0B-22B18391BEDA}.AppStore|ARM.ActiveCfg = Release|Any CPU
		{E772AE1D-89B5-4AEF-BE0B-22B18391BEDA}.AppStore|ARM.Build.0 = Release|Any CPU
		{E772AE1D-89B5-4AEF-BE0B-22B18391BEDA}.AppStore|iPhone.ActiveCfg = Release|Any CPU
		{E772AE1D-89B5-4AEF-BE0B-22B18391BEDA}.AppStore|iPhone.Build.0 = Release|Any CPU
		{E772AE1D-89B5-4AEF-BE0B-22B18391BEDA}.AppStore|iPhoneSimulator.ActiveCfg = Release|Any CPU
		{E772AE1D-89B5-4AEF-BE0B-22B18391BEDA}.AppStore|iPhoneSimulator.Build.0 = Release|Any CPU
		{E772AE1D-89B5-4AEF-BE0B-22B18391BEDA}.AppStore|x64.ActiveCfg = Release|Any CPU
		{E772AE1D-89B5-4AEF-BE0B-22B18391BEDA}.AppStore|x64.Build.0 = Release|Any CPU
		{E772AE1D-89B5-4AEF-BE0B-22B18391BEDA}.AppStore|x86.ActiveCfg = Release|Any CPU
		{E772AE1D-89B5-4AEF-BE0B-22B18391BEDA}.AppStore|x86.Build.0 = Release|Any CPU
		{E772AE1D-89B5-4AEF-BE0B-22B18391BEDA}.Debug|Any CPU.ActiveCfg = Debug|Any CPU
		{E772AE1D-89B5-4AEF-BE0B-22B18391BEDA}.Debug|Any CPU.Build.0 = Debug|Any CPU
		{E772AE1D-89B5-4AEF-BE0B-22B18391BEDA}.Debug|ARM.ActiveCfg = Debug|Any CPU
		{E772AE1D-89B5-4AEF-BE0B-22B18391BEDA}.Debug|ARM.Build.0 = Debug|Any CPU
		{E772AE1D-89B5-4AEF-BE0B-22B18391BEDA}.Debug|iPhone.ActiveCfg = Debug|Any CPU
		{E772AE1D-89B5-4AEF-BE0B-22B18391BEDA}.Debug|iPhone.Build.0 = Debug|Any CPU
		{E772AE1D-89B5-4AEF-BE0B-22B18391BEDA}.Debug|iPhoneSimulator.ActiveCfg = Debug|Any CPU
		{E772AE1D-89B5-4AEF-BE0B-22B18391BEDA}.Debug|iPhoneSimulator.Build.0 = Debug|Any CPU
		{E772AE1D-89B5-4AEF-BE0B-22B18391BEDA}.Debug|x64.ActiveCfg = Debug|Any CPU
		{E772AE1D-89B5-4AEF-BE0B-22B18391BEDA}.Debug|x64.Build.0 = Debug|Any CPU
		{E772AE1D-89B5-4AEF-BE0B-22B18391BEDA}.Debug|x86.ActiveCfg = Debug|Any CPU
		{E772AE1D-89B5-4AEF-BE0B-22B18391BEDA}.Debug|x86.Build.0 = Debug|Any CPU
		{E772AE1D-89B5-4AEF-BE0B-22B18391BEDA}.Release|Any CPU.ActiveCfg = Release|Any CPU
		{E772AE1D-89B5-4AEF-BE0B-22B18391BEDA}.Release|Any CPU.Build.0 = Release|Any CPU
		{E772AE1D-89B5-4AEF-BE0B-22B18391BEDA}.Release|ARM.ActiveCfg = Release|Any CPU
		{E772AE1D-89B5-4AEF-BE0B-22B18391BEDA}.Release|ARM.Build.0 = Release|Any CPU
		{E772AE1D-89B5-4AEF-BE0B-22B18391BEDA}.Release|iPhone.ActiveCfg = Release|Any CPU
		{E772AE1D-89B5-4AEF-BE0B-22B18391BEDA}.Release|iPhone.Build.0 = Release|Any CPU
		{E772AE1D-89B5-4AEF-BE0B-22B18391BEDA}.Release|iPhoneSimulator.ActiveCfg = Release|Any CPU
		{E772AE1D-89B5-4AEF-BE0B-22B18391BEDA}.Release|iPhoneSimulator.Build.0 = Release|Any CPU
		{E772AE1D-89B5-4AEF-BE0B-22B18391BEDA}.Release|x64.ActiveCfg = Release|Any CPU
		{E772AE1D-89B5-4AEF-BE0B-22B18391BEDA}.Release|x64.Build.0 = Release|Any CPU
		{E772AE1D-89B5-4AEF-BE0B-22B18391BEDA}.Release|x86.ActiveCfg = Release|Any CPU
		{E772AE1D-89B5-4AEF-BE0B-22B18391BEDA}.Release|x86.Build.0 = Release|Any CPU
		{249EBD38-C857-4757-9FF6-EC53C7BBAC06}.Ad-Hoc|Any CPU.ActiveCfg = Release|Any CPU
		{249EBD38-C857-4757-9FF6-EC53C7BBAC06}.Ad-Hoc|Any CPU.Build.0 = Release|Any CPU
		{249EBD38-C857-4757-9FF6-EC53C7BBAC06}.Ad-Hoc|ARM.ActiveCfg = Release|Any CPU
		{249EBD38-C857-4757-9FF6-EC53C7BBAC06}.Ad-Hoc|ARM.Build.0 = Release|Any CPU
		{249EBD38-C857-4757-9FF6-EC53C7BBAC06}.Ad-Hoc|iPhone.ActiveCfg = Release|Any CPU
		{249EBD38-C857-4757-9FF6-EC53C7BBAC06}.Ad-Hoc|iPhone.Build.0 = Release|Any CPU
		{249EBD38-C857-4757-9FF6-EC53C7BBAC06}.Ad-Hoc|iPhoneSimulator.ActiveCfg = Release|Any CPU
		{249EBD38-C857-4757-9FF6-EC53C7BBAC06}.Ad-Hoc|iPhoneSimulator.Build.0 = Release|Any CPU
		{249EBD38-C857-4757-9FF6-EC53C7BBAC06}.Ad-Hoc|x64.ActiveCfg = Release|Any CPU
		{249EBD38-C857-4757-9FF6-EC53C7BBAC06}.Ad-Hoc|x64.Build.0 = Release|Any CPU
		{249EBD38-C857-4757-9FF6-EC53C7BBAC06}.Ad-Hoc|x86.ActiveCfg = Release|Any CPU
		{249EBD38-C857-4757-9FF6-EC53C7BBAC06}.Ad-Hoc|x86.Build.0 = Release|Any CPU
		{249EBD38-C857-4757-9FF6-EC53C7BBAC06}.AppStore|Any CPU.ActiveCfg = Release|Any CPU
		{249EBD38-C857-4757-9FF6-EC53C7BBAC06}.AppStore|Any CPU.Build.0 = Release|Any CPU
		{249EBD38-C857-4757-9FF6-EC53C7BBAC06}.AppStore|ARM.ActiveCfg = Release|Any CPU
		{249EBD38-C857-4757-9FF6-EC53C7BBAC06}.AppStore|ARM.Build.0 = Release|Any CPU
		{249EBD38-C857-4757-9FF6-EC53C7BBAC06}.AppStore|iPhone.ActiveCfg = Release|Any CPU
		{249EBD38-C857-4757-9FF6-EC53C7BBAC06}.AppStore|iPhone.Build.0 = Release|Any CPU
		{249EBD38-C857-4757-9FF6-EC53C7BBAC06}.AppStore|iPhoneSimulator.ActiveCfg = Release|Any CPU
		{249EBD38-C857-4757-9FF6-EC53C7BBAC06}.AppStore|iPhoneSimulator.Build.0 = Release|Any CPU
		{249EBD38-C857-4757-9FF6-EC53C7BBAC06}.AppStore|x64.ActiveCfg = Release|Any CPU
		{249EBD38-C857-4757-9FF6-EC53C7BBAC06}.AppStore|x64.Build.0 = Release|Any CPU
		{249EBD38-C857-4757-9FF6-EC53C7BBAC06}.AppStore|x86.ActiveCfg = Release|Any CPU
		{249EBD38-C857-4757-9FF6-EC53C7BBAC06}.AppStore|x86.Build.0 = Release|Any CPU
		{249EBD38-C857-4757-9FF6-EC53C7BBAC06}.Debug|Any CPU.ActiveCfg = Debug|Any CPU
		{249EBD38-C857-4757-9FF6-EC53C7BBAC06}.Debug|Any CPU.Build.0 = Debug|Any CPU
		{249EBD38-C857-4757-9FF6-EC53C7BBAC06}.Debug|ARM.ActiveCfg = Debug|Any CPU
		{249EBD38-C857-4757-9FF6-EC53C7BBAC06}.Debug|ARM.Build.0 = Debug|Any CPU
		{249EBD38-C857-4757-9FF6-EC53C7BBAC06}.Debug|iPhone.ActiveCfg = Debug|Any CPU
		{249EBD38-C857-4757-9FF6-EC53C7BBAC06}.Debug|iPhone.Build.0 = Debug|Any CPU
		{249EBD38-C857-4757-9FF6-EC53C7BBAC06}.Debug|iPhoneSimulator.ActiveCfg = Debug|Any CPU
		{249EBD38-C857-4757-9FF6-EC53C7BBAC06}.Debug|iPhoneSimulator.Build.0 = Debug|Any CPU
		{249EBD38-C857-4757-9FF6-EC53C7BBAC06}.Debug|x64.ActiveCfg = Debug|Any CPU
		{249EBD38-C857-4757-9FF6-EC53C7BBAC06}.Debug|x64.Build.0 = Debug|Any CPU
		{249EBD38-C857-4757-9FF6-EC53C7BBAC06}.Debug|x86.ActiveCfg = Debug|Any CPU
		{249EBD38-C857-4757-9FF6-EC53C7BBAC06}.Debug|x86.Build.0 = Debug|Any CPU
		{249EBD38-C857-4757-9FF6-EC53C7BBAC06}.Release|Any CPU.ActiveCfg = Release|Any CPU
		{249EBD38-C857-4757-9FF6-EC53C7BBAC06}.Release|Any CPU.Build.0 = Release|Any CPU
		{249EBD38-C857-4757-9FF6-EC53C7BBAC06}.Release|ARM.ActiveCfg = Release|Any CPU
		{249EBD38-C857-4757-9FF6-EC53C7BBAC06}.Release|ARM.Build.0 = Release|Any CPU
		{249EBD38-C857-4757-9FF6-EC53C7BBAC06}.Release|iPhone.ActiveCfg = Release|Any CPU
		{249EBD38-C857-4757-9FF6-EC53C7BBAC06}.Release|iPhone.Build.0 = Release|Any CPU
		{249EBD38-C857-4757-9FF6-EC53C7BBAC06}.Release|iPhoneSimulator.ActiveCfg = Release|Any CPU
		{249EBD38-C857-4757-9FF6-EC53C7BBAC06}.Release|iPhoneSimulator.Build.0 = Release|Any CPU
		{249EBD38-C857-4757-9FF6-EC53C7BBAC06}.Release|x64.ActiveCfg = Release|Any CPU
		{249EBD38-C857-4757-9FF6-EC53C7BBAC06}.Release|x64.Build.0 = Release|Any CPU
		{249EBD38-C857-4757-9FF6-EC53C7BBAC06}.Release|x86.ActiveCfg = Release|Any CPU
		{249EBD38-C857-4757-9FF6-EC53C7BBAC06}.Release|x86.Build.0 = Release|Any CPU
	EndGlobalSection
	GlobalSection(SolutionProperties) = preSolution
		HideSolutionNode = FALSE
	EndGlobalSection
	GlobalSection(ExtensibilityGlobals) = postSolution
		SolutionGuid = {37E8424A-0219-43D0-8EAC-15BD4FCF63D6}
	EndGlobalSection
EndGlobal
